
Microsoft Visual Studio Solution File, Format Version 12.00
# Visual Studio Version 17
VisualStudioVersion = 17.3.32611.2
MinimumVisualStudioVersion = 10.0.40219.1
Project("{FAE04EC0-301F-11D3-BF4B-00C04F79EFBC}") = "TicTacToe_Console", "TicTacToe_Console\TicTacToe_Console.csproj", "{24DE7639-1AA9-4567-A522-EFB38AB68B99}"
EndProject
Project("{2150E333-8FDC-42A3-9474-1A3956D46DE8}") = "Game", "Game", "{743F6F2C-2EC2-4CA2-AC55-4CBD5F3AFE78}"
	ProjectSection(SolutionItems) = preProject
		TicTacToe_Console\LaunchGame.cs = TicTacToe_Console\LaunchGame.cs
		TicTacToe_Console\Messages.cs = TicTacToe_Console\Messages.cs
	EndProjectSection
EndProject
Global
	GlobalSection(SolutionConfigurationPlatforms) = preSolution
		Debug|Any CPU = Debug|Any CPU
		Release|Any CPU = Release|Any CPU
	EndGlobalSection
	GlobalSection(ProjectConfigurationPlatforms) = postSolution
		{24DE7639-1AA9-4567-A522-EFB38AB68B99}.Debug|Any CPU.ActiveCfg = Debug|Any CPU
		{24DE7639-1AA9-4567-A522-EFB38AB68B99}.Debug|Any CPU.Build.0 = Debug|Any CPU
		{24DE7639-1AA9-4567-A522-EFB38AB68B99}.Release|Any CPU.ActiveCfg = Release|Any CPU
		{24DE7639-1AA9-4567-A522-EFB38AB68B99}.Release|Any CPU.Build.0 = Release|Any CPU
	EndGlobalSection
	GlobalSection(SolutionProperties) = preSolution
		HideSolutionNode = FALSE
	EndGlobalSection
	GlobalSection(ExtensibilityGlobals) = postSolution
		SolutionGuid = {FC1FCF45-7DA7-4DA8-AD58-14393255DA0E}
	EndGlobalSection
EndGlobal
